
Microsoft Visual Studio Solution File, Format Version 12.00
# Visual Studio Version 17
VisualStudioVersion = 17.5.002.0
MinimumVisualStudioVersion = 10.0.40219.1
Project("{9A19103F-16F7-4668-BE54-9A1E7A4F7556}") = "EmployeeApi", "EmployeeApi\EmployeeApi.csproj", "{6448B399-7B4F-4CC1-9103-4FB0F106D2BD}"
EndProject
Global
	GlobalSection(SolutionConfigurationPlatforms) = preSolution
		Debug|Any CPU = Debug|Any CPU
		Release|Any CPU = Release|Any CPU
	EndGlobalSection
	GlobalSection(ProjectConfigurationPlatforms) = postSolution
		{6448B399-7B4F-4CC1-9103-4FB0F106D2BD}.Debug|Any CPU.ActiveCfg = Debug|Any CPU
		{6448B399-7B4F-4CC1-9103-4FB0F106D2BD}.Debug|Any CPU.Build.0 = Debug|Any CPU
		{6448B399-7B4F-4CC1-9103-4FB0F106D2BD}.Release|Any CPU.ActiveCfg = Release|Any CPU
		{6448B399-7B4F-4CC1-9103-4FB0F106D2BD}.Release|Any CPU.Build.0 = Release|Any CPU
	EndGlobalSection
	GlobalSection(SolutionProperties) = preSolution
		HideSolutionNode = FALSE
	EndGlobalSection
	GlobalSection(ExtensibilityGlobals) = postSolution
		SolutionGuid = {27566D9E-3578-4B33-9834-BD7A5D013D4C}
	EndGlobalSection
EndGlobal
